
Microsoft Visual Studio Solution File, Format Version 12.00
# Visual Studio Version 17
VisualStudioVersion = 17.2.32516.85
MinimumVisualStudioVersion = 10.0.40219.1
Project("{9A19103F-16F7-4668-BE54-9A1E7A4F7556}") = "domain", "domain\domain.csproj", "{D83B7EA1-5E5A-4CF6-9DDF-8AB91E8BEDD4}"
EndProject
Project("{9A19103F-16F7-4668-BE54-9A1E7A4F7556}") = "domain-spec", "domain-spec\domain-spec.csproj", "{14AEF8FF-0287-44F5-A85C-54745F3D3AFB}"
EndProject
Project("{9A19103F-16F7-4668-BE54-9A1E7A4F7556}") = "api", "api\api.csproj", "{1164D028-670D-4942-9411-47B97E571B9C}"
EndProject
Project("{9A19103F-16F7-4668-BE54-9A1E7A4F7556}") = "infrastructure", "infrastructure\infrastructure.csproj", "{E36D0C81-F29B-44F1-B239-E90F76CE726D}"
EndProject
Project("{9A19103F-16F7-4668-BE54-9A1E7A4F7556}") = "api-spec", "api-spec\api-spec.csproj", "{32D6C65B-EC7D-4A72-B630-B0DED3B9E329}"
EndProject
Project("{FAE04EC0-301F-11D3-BF4B-00C04F79EFBC}") = "app-services", "app-services\app-services.csproj", "{A5E4FFE7-0931-44C9-B9B3-FA29B085B146}"
EndProject
Global
	GlobalSection(SolutionConfigurationPlatforms) = preSolution
		Debug|Any CPU = Debug|Any CPU
		Release|Any CPU = Release|Any CPU
	EndGlobalSection
	GlobalSection(ProjectConfigurationPlatforms) = postSolution
		{D83B7EA1-5E5A-4CF6-9DDF-8AB91E8BEDD4}.Debug|Any CPU.ActiveCfg = Debug|Any CPU
		{D83B7EA1-5E5A-4CF6-9DDF-8AB91E8BEDD4}.Debug|Any CPU.Build.0 = Debug|Any CPU
		{D83B7EA1-5E5A-4CF6-9DDF-8AB91E8BEDD4}.Release|Any CPU.ActiveCfg = Release|Any CPU
		{D83B7EA1-5E5A-4CF6-9DDF-8AB91E8BEDD4}.Release|Any CPU.Build.0 = Release|Any CPU
		{14AEF8FF-0287-44F5-A85C-54745F3D3AFB}.Debug|Any CPU.ActiveCfg = Debug|Any CPU
		{14AEF8FF-0287-44F5-A85C-54745F3D3AFB}.Debug|Any CPU.Build.0 = Debug|Any CPU
		{14AEF8FF-0287-44F5-A85C-54745F3D3AFB}.Release|Any CPU.ActiveCfg = Release|Any CPU
		{14AEF8FF-0287-44F5-A85C-54745F3D3AFB}.Release|Any CPU.Build.0 = Release|Any CPU
		{1164D028-670D-4942-9411-47B97E571B9C}.Debug|Any CPU.ActiveCfg = Debug|Any CPU
		{1164D028-670D-4942-9411-47B97E571B9C}.Debug|Any CPU.Build.0 = Debug|Any CPU
		{1164D028-670D-4942-9411-47B97E571B9C}.Release|Any CPU.ActiveCfg = Release|Any CPU
		{1164D028-670D-4942-9411-47B97E571B9C}.Release|Any CPU.Build.0 = Release|Any CPU
		{E36D0C81-F29B-44F1-B239-E90F76CE726D}.Debug|Any CPU.ActiveCfg = Debug|Any CPU
		{E36D0C81-F29B-44F1-B239-E90F76CE726D}.Debug|Any CPU.Build.0 = Debug|Any CPU
		{E36D0C81-F29B-44F1-B239-E90F76CE726D}.Release|Any CPU.ActiveCfg = Release|Any CPU
		{E36D0C81-F29B-44F1-B239-E90F76CE726D}.Release|Any CPU.Build.0 = Release|Any CPU
		{32D6C65B-EC7D-4A72-B630-B0DED3B9E329}.Debug|Any CPU.ActiveCfg = Debug|Any CPU
		{32D6C65B-EC7D-4A72-B630-B0DED3B9E329}.Debug|Any CPU.Build.0 = Debug|Any CPU
		{32D6C65B-EC7D-4A72-B630-B0DED3B9E329}.Release|Any CPU.ActiveCfg = Release|Any CPU
		{32D6C65B-EC7D-4A72-B630-B0DED3B9E329}.Release|Any CPU.Build.0 = Release|Any CPU
		{A5E4FFE7-0931-44C9-B9B3-FA29B085B146}.Debug|Any CPU.ActiveCfg = Debug|Any CPU
		{A5E4FFE7-0931-44C9-B9B3-FA29B085B146}.Debug|Any CPU.Build.0 = Debug|Any CPU
		{A5E4FFE7-0931-44C9-B9B3-FA29B085B146}.Release|Any CPU.ActiveCfg = Release|Any CPU
		{A5E4FFE7-0931-44C9-B9B3-FA29B085B146}.Release|Any CPU.Build.0 = Release|Any CPU
	EndGlobalSection
	GlobalSection(SolutionProperties) = preSolution
		HideSolutionNode = FALSE
	EndGlobalSection
	GlobalSection(ExtensibilityGlobals) = postSolution
		SolutionGuid = {6352A006-B95A-45C1-B9C1-3311143142B5}
	EndGlobalSection
EndGlobal
